PODS:
  - GooglePlaces (8.3.0)
  - SwiftLint (0.53.0)

DEPENDENCIES:
  - GooglePlaces (= 8.3.0)
  - SwiftLint

SPEC REPOS:
  trunk:
    - GooglePlaces
    - SwiftLint

SPEC CHECKSUMS:
  GooglePlaces: b922e192c50994436900ef14d19f84971950250b
  SwiftLint: 5ce4d6a8ff83f1b5fd5ad5dbf30965d35af65e44

PODFILE CHECKSUM: 284ef77457401c221d9b24a8e05db47165f1a556

COCOAPODS: 1.13.0
