// !$*UTF8*$!
{
	archiveVersion = 1;
	classes = {
	};
	objectVersion = 56;
	objects = {

/* Begin PBXBuildFile section */
		102AC49C20C1E6D7FD59AAA7 /* Pods_FlavorFlash.framework in Frameworks */ = {isa = PBXBuildFile; fileRef = BE1E9F2AB892E7C98A8D53DB /* Pods_FlavorFlash.framework */; };
		E70AF8DE2B0710950003462C /* Profile.swift in Sources */ = {isa = PBXBuildFile; fileRef = E70AF8DD2B0710950003462C /* Profile.swift */; };
		E70AF8E02B0710BA0003462C /* appConfig.swift in Sources */ = {isa = PBXBuildFile; fileRef = E70AF8DF2B0710BA0003462C /* appConfig.swift */; };
		E70AF8E32B071D450003462C /* NavigationModel.swift in Sources */ = {isa = PBXBuildFile; fileRef = E70AF8E22B071D450003462C /* NavigationModel.swift */; };
		E70AF8E52B07311F0003462C /* RestaurantSearchView.swift in Sources */ = {isa = PBXBuildFile; fileRef = E70AF8E42B07311F0003462C /* RestaurantSearchView.swift */; };
		E70AF8E72B0734A30003462C /* View+Extension.swift in Sources */ = {isa = PBXBuildFile; fileRef = E70AF8E62B0734A30003462C /* View+Extension.swift */; };
		E70AF8E92B073FC00003462C /* HomeMapView.swift in Sources */ = {isa = PBXBuildFile; fileRef = E70AF8E82B073FC00003462C /* HomeMapView.swift */; };
		E70AF8EC2B074B580003462C /* RestaurantCard.swift in Sources */ = {isa = PBXBuildFile; fileRef = E70AF8EB2B074B580003462C /* RestaurantCard.swift */; };
		E70AF8EE2B074B8F0003462C /* Restaurant.swift in Sources */ = {isa = PBXBuildFile; fileRef = E70AF8ED2B074B8F0003462C /* Restaurant.swift */; };
		E70AF8F02B0750D50003462C /* HomeMapViewCoordinator.swift in Sources */ = {isa = PBXBuildFile; fileRef = E70AF8EF2B0750D50003462C /* HomeMapViewCoordinator.swift */; };
		E70AF8F32B075E260003462C /* DEBUG-Keys.plist in Resources */ = {isa = PBXBuildFile; fileRef = E70AF8F22B075E260003462C /* DEBUG-Keys.plist */; };
		E70AF8F52B075E3F0003462C /* PROD-Keys.plist in Resources */ = {isa = PBXBuildFile; fileRef = E70AF8F42B075E3F0003462C /* PROD-Keys.plist */; };
		E70AF8F72B0760C70003462C /* GoogleService-Info.plist in Resources */ = {isa = PBXBuildFile; fileRef = E70AF8F62B0760C70003462C /* GoogleService-Info.plist */; };
		E70AF8F92B0763480003462C /* ENV.swift in Sources */ = {isa = PBXBuildFile; fileRef = E70AF8F82B0763480003462C /* ENV.swift */; };
		E70AF8FB2B07735F0003462C /* AppDelegate.swift in Sources */ = {isa = PBXBuildFile; fileRef = E70AF8FA2B07735E0003462C /* AppDelegate.swift */; };
		E70AF8FF2B07A5470003462C /* RestaurantViewModel.swift in Sources */ = {isa = PBXBuildFile; fileRef = E70AF8FE2B07A5470003462C /* RestaurantViewModel.swift */; };
		E715D9AD2B03AC8000B6478D /* CameraDataModel.swift in Sources */ = {isa = PBXBuildFile; fileRef = E715D9AC2B03AC8000B6478D /* CameraDataModel.swift */; };
		E715D9B32B03C52A00B6478D /* Camera.swift in Sources */ = {isa = PBXBuildFile; fileRef = E715D9B22B03C52A00B6478D /* Camera.swift */; };
		E7A3992D2B034AB4005C8021 /* FlavorFlashApp.swift in Sources */ = {isa = PBXBuildFile; fileRef = E7A3992C2B034AB4005C8021 /* FlavorFlashApp.swift */; };
		E7A3992F2B034AB4005C8021 /* ContentView.swift in Sources */ = {isa = PBXBuildFile; fileRef = E7A3992E2B034AB4005C8021 /* ContentView.swift */; };
		E7A399332B034AB6005C8021 /* Assets.xcassets in Resources */ = {isa = PBXBuildFile; fileRef = E7A399322B034AB6005C8021 /* Assets.xcassets */; };
		E7A399362B034AB6005C8021 /* Preview Assets.xcassets in Resources */ = {isa = PBXBuildFile; fileRef = E7A399352B034AB6005C8021 /* Preview Assets.xcassets */; };
		E7A3993F2B034AEC005C8021 /* FFTabBar.swift in Sources */ = {isa = PBXBuildFile; fileRef = E7A3993E2B034AEC005C8021 /* FFTabBar.swift */; };
		E7A399432B034E11005C8021 /* HomeView.swift in Sources */ = {isa = PBXBuildFile; fileRef = E7A399422B034E11005C8021 /* HomeView.swift */; };
		E7A399452B034E22005C8021 /* FlavorFlashView.swift in Sources */ = {isa = PBXBuildFile; fileRef = E7A399442B034E22005C8021 /* FlavorFlashView.swift */; };
		E7A399472B034E30005C8021 /* CommunityView.swift in Sources */ = {isa = PBXBuildFile; fileRef = E7A399462B034E30005C8021 /* CommunityView.swift */; };
		E7D856582B05F6F400C5CB92 /* MobileNetV2.mlmodel in Sources */ = {isa = PBXBuildFile; fileRef = E7D856572B05F6F400C5CB92 /* MobileNetV2.mlmodel */; };
		E7FD9B8A2B05BAAF002D0ADF /* FFAnalyzeResult.swift in Sources */ = {isa = PBXBuildFile; fileRef = E7FD9B892B05BAAF002D0ADF /* FFAnalyzeResult.swift */; };
		E7FFC24B2B037A5300F7B171 /* ViewfinderView.swift in Sources */ = {isa = PBXBuildFile; fileRef = E7FFC24A2B037A5300F7B171 /* ViewfinderView.swift */; };
		E7FFC24D2B037A8E00F7B171 /* CameraView.swift in Sources */ = {isa = PBXBuildFile; fileRef = E7FFC24C2B037A8E00F7B171 /* CameraView.swift */; };
/* End PBXBuildFile section */

/* Begin PBXFileReference section */
		28055511D6E283B5661F16BB /* Pods-FlavorFlash.release.xcconfig */ = {isa = PBXFileReference; includeInIndex = 1; lastKnownFileType = text.xcconfig; name = "Pods-FlavorFlash.release.xcconfig"; path = "Target Support Files/Pods-FlavorFlash/Pods-FlavorFlash.release.xcconfig"; sourceTree = "<group>"; };
		3DE28E00F8C7916A5874EE79 /* Pods-FlavorFlash.debug.xcconfig */ = {isa = PBXFileReference; includeInIndex = 1; lastKnownFileType = text.xcconfig; name = "Pods-FlavorFlash.debug.xcconfig"; path = "Target Support Files/Pods-FlavorFlash/Pods-FlavorFlash.debug.xcconfig"; sourceTree = "<group>"; };
		BE1E9F2AB892E7C98A8D53DB /* Pods_FlavorFlash.framework */ = {isa = PBXFileReference; explicitFileType = wrapper.framework; includeInIndex = 0; path = Pods_FlavorFlash.framework; sourceTree = BUILT_PRODUCTS_DIR; };
		E70AF8DD2B0710950003462C /* Profile.swift */ = {isa = PBXFileReference; lastKnownFileType = sourcecode.swift; path = Profile.swift; sourceTree = "<group>"; };
		E70AF8DF2B0710BA0003462C /* appConfig.swift */ = {isa = PBXFileReference; lastKnownFileType = sourcecode.swift; path = appConfig.swift; sourceTree = "<group>"; };
		E70AF8E22B071D450003462C /* NavigationModel.swift */ = {isa = PBXFileReference; lastKnownFileType = sourcecode.swift; path = NavigationModel.swift; sourceTree = "<group>"; };
		E70AF8E42B07311F0003462C /* RestaurantSearchView.swift */ = {isa = PBXFileReference; lastKnownFileType = sourcecode.swift; path = RestaurantSearchView.swift; sourceTree = "<group>"; };
		E70AF8E62B0734A30003462C /* View+Extension.swift */ = {isa = PBXFileReference; lastKnownFileType = sourcecode.swift; path = "View+Extension.swift"; sourceTree = "<group>"; };
		E70AF8E82B073FC00003462C /* HomeMapView.swift */ = {isa = PBXFileReference; lastKnownFileType = sourcecode.swift; path = HomeMapView.swift; sourceTree = "<group>"; };
		E70AF8EB2B074B580003462C /* RestaurantCard.swift */ = {isa = PBXFileReference; lastKnownFileType = sourcecode.swift; path = RestaurantCard.swift; sourceTree = "<group>"; };
		E70AF8ED2B074B8F0003462C /* Restaurant.swift */ = {isa = PBXFileReference; lastKnownFileType = sourcecode.swift; path = Restaurant.swift; sourceTree = "<group>"; };
		E70AF8EF2B0750D50003462C /* HomeMapViewCoordinator.swift */ = {isa = PBXFileReference; lastKnownFileType = sourcecode.swift; path = HomeMapViewCoordinator.swift; sourceTree = "<group>"; };
		E70AF8F22B075E260003462C /* DEBUG-Keys.plist */ = {isa = PBXFileReference; lastKnownFileType = text.plist.xml; path = "DEBUG-Keys.plist"; sourceTree = "<group>"; };
		E70AF8F42B075E3F0003462C /* PROD-Keys.plist */ = {isa = PBXFileReference; lastKnownFileType = text.plist.xml; path = "PROD-Keys.plist"; sourceTree = "<group>"; };
		E70AF8F62B0760C70003462C /* GoogleService-Info.plist */ = {isa = PBXFileReference; fileEncoding = 4; lastKnownFileType = text.plist.xml; path = "GoogleService-Info.plist"; sourceTree = "<group>"; };
		E70AF8F82B0763480003462C /* ENV.swift */ = {isa = PBXFileReference; lastKnownFileType = sourcecode.swift; path = ENV.swift; sourceTree = "<group>"; };
		E70AF8FA2B07735E0003462C /* AppDelegate.swift */ = {isa = PBXFileReference; lastKnownFileType = sourcecode.swift; path = AppDelegate.swift; sourceTree = "<group>"; };
		E70AF8FE2B07A5470003462C /* RestaurantViewModel.swift */ = {isa = PBXFileReference; lastKnownFileType = sourcecode.swift; path = RestaurantViewModel.swift; sourceTree = "<group>"; };
		E715D9AC2B03AC8000B6478D /* CameraDataModel.swift */ = {isa = PBXFileReference; lastKnownFileType = sourcecode.swift; path = CameraDataModel.swift; sourceTree = "<group>"; };
		E715D9B22B03C52A00B6478D /* Camera.swift */ = {isa = PBXFileReference; lastKnownFileType = sourcecode.swift; path = Camera.swift; sourceTree = "<group>"; };
		E7A399292B034AB4005C8021 /* FlavorFlash.app */ = {isa = PBXFileReference; explicitFileType = wrapper.application; includeInIndex = 0; path = FlavorFlash.app; sourceTree = BUILT_PRODUCTS_DIR; };
		E7A3992C2B034AB4005C8021 /* FlavorFlashApp.swift */ = {isa = PBXFileReference; lastKnownFileType = sourcecode.swift; path = FlavorFlashApp.swift; sourceTree = "<group>"; };
		E7A3992E2B034AB4005C8021 /* ContentView.swift */ = {isa = PBXFileReference; lastKnownFileType = sourcecode.swift; path = ContentView.swift; sourceTree = "<group>"; };
		E7A399322B034AB6005C8021 /* Assets.xcassets */ = {isa = PBXFileReference; lastKnownFileType = folder.assetcatalog; path = Assets.xcassets; sourceTree = "<group>"; };
		E7A399352B034AB6005C8021 /* Preview Assets.xcassets */ = {isa = PBXFileReference; lastKnownFileType = folder.assetcatalog; path = "Preview Assets.xcassets"; sourceTree = "<group>"; };
		E7A3993E2B034AEC005C8021 /* FFTabBar.swift */ = {isa = PBXFileReference; lastKnownFileType = sourcecode.swift; path = FFTabBar.swift; sourceTree = "<group>"; };
		E7A399422B034E11005C8021 /* HomeView.swift */ = {isa = PBXFileReference; lastKnownFileType = sourcecode.swift; path = HomeView.swift; sourceTree = "<group>"; };
		E7A399442B034E22005C8021 /* FlavorFlashView.swift */ = {isa = PBXFileReference; lastKnownFileType = sourcecode.swift; path = FlavorFlashView.swift; sourceTree = "<group>"; };
		E7A399462B034E30005C8021 /* CommunityView.swift */ = {isa = PBXFileReference; lastKnownFileType = sourcecode.swift; path = CommunityView.swift; sourceTree = "<group>"; };
		E7D856572B05F6F400C5CB92 /* MobileNetV2.mlmodel */ = {isa = PBXFileReference; lastKnownFileType = file.mlmodel; path = MobileNetV2.mlmodel; sourceTree = "<group>"; };
		E7FD9B892B05BAAF002D0ADF /* FFAnalyzeResult.swift */ = {isa = PBXFileReference; lastKnownFileType = sourcecode.swift; path = FFAnalyzeResult.swift; sourceTree = "<group>"; };
		E7FFC24A2B037A5300F7B171 /* ViewfinderView.swift */ = {isa = PBXFileReference; lastKnownFileType = sourcecode.swift; path = ViewfinderView.swift; sourceTree = "<group>"; };
		E7FFC24C2B037A8E00F7B171 /* CameraView.swift */ = {isa = PBXFileReference; lastKnownFileType = sourcecode.swift; path = CameraView.swift; sourceTree = "<group>"; };
/* End PBXFileReference section */

/* Begin PBXFrameworksBuildPhase section */
		E7A399262B034AB4005C8021 /* Frameworks */ = {
			isa = PBXFrameworksBuildPhase;
			buildActionMask = 2147483647;
			files = (
				102AC49C20C1E6D7FD59AAA7 /* Pods_FlavorFlash.framework in Frameworks */,
			);
			runOnlyForDeploymentPostprocessing = 0;
		};
/* End PBXFrameworksBuildPhase section */

/* Begin PBXGroup section */
		83261AFC1AF957C830E3524E /* Pods */ = {
			isa = PBXGroup;
			children = (
				3DE28E00F8C7916A5874EE79 /* Pods-FlavorFlash.debug.xcconfig */,
				28055511D6E283B5661F16BB /* Pods-FlavorFlash.release.xcconfig */,
			);
			path = Pods;
			sourceTree = "<group>";
		};
		875771145004DB8690077DDD /* Frameworks */ = {
			isa = PBXGroup;
			children = (
				BE1E9F2AB892E7C98A8D53DB /* Pods_FlavorFlash.framework */,
			);
			name = Frameworks;
			sourceTree = "<group>";
		};
		E70AF8DB2B070EE60003462C /* Home */ = {
			isa = PBXGroup;
			children = (
				E70AF8F12B07513E0003462C /* Map */,
				E7A399422B034E11005C8021 /* HomeView.swift */,
				E70AF8FE2B07A5470003462C /* RestaurantViewModel.swift */,
			);
			path = Home;
			sourceTree = "<group>";
		};
		E70AF8DC2B0710840003462C /* Profile */ = {
			isa = PBXGroup;
			children = (
				E70AF8DD2B0710950003462C /* Profile.swift */,
			);
			path = Profile;
			sourceTree = "<group>";
		};
		E70AF8E12B0710CB0003462C /* Config */ = {
			isa = PBXGroup;
			children = (
				E70AF8DF2B0710BA0003462C /* appConfig.swift */,
				E70AF8F82B0763480003462C /* ENV.swift */,
			);
			path = Config;
			sourceTree = "<group>";
		};
		E70AF8EA2B0748100003462C /* Restaurant */ = {
			isa = PBXGroup;
			children = (
				E70AF8ED2B074B8F0003462C /* Restaurant.swift */,
			);
			path = Restaurant;
			sourceTree = "<group>";
		};
		E70AF8F12B07513E0003462C /* Map */ = {
			isa = PBXGroup;
			children = (
				E70AF8E42B07311F0003462C /* RestaurantSearchView.swift */,
				E70AF8E82B073FC00003462C /* HomeMapView.swift */,
				E70AF8EF2B0750D50003462C /* HomeMapViewCoordinator.swift */,
			);
			path = Map;
			sourceTree = "<group>";
		};
		E715D9B12B03C51C00B6478D /* Utilities */ = {
			isa = PBXGroup;
			children = (
				E70AF8E62B0734A30003462C /* View+Extension.swift */,
			);
			path = Utilities;
			sourceTree = "<group>";
		};
		E7A399202B034AB4005C8021 = {
			isa = PBXGroup;
			children = (
				E7D856572B05F6F400C5CB92 /* MobileNetV2.mlmodel */,
				E7A3992B2B034AB4005C8021 /* FlavorFlash */,
				E7A3992A2B034AB4005C8021 /* Products */,
				83261AFC1AF957C830E3524E /* Pods */,
				875771145004DB8690077DDD /* Frameworks */,
			);
			sourceTree = "<group>";
		};
		E7A3992A2B034AB4005C8021 /* Products */ = {
			isa = PBXGroup;
			children = (
				E7A399292B034AB4005C8021 /* FlavorFlash.app */,
			);
			name = Products;
			sourceTree = "<group>";
		};
		E7A3992B2B034AB4005C8021 /* FlavorFlash */ = {
			isa = PBXGroup;
			children = (
				E70AF8E12B0710CB0003462C /* Config */,
				E715D9B12B03C51C00B6478D /* Utilities */,
				E7F9EDB02B0841FE005976BE /* Services */,
				E7FFC24E2B037B5A00F7B171 /* Models */,
				E7A3993C2B034ACD005C8021 /* UI */,
				E70AF8FA2B07735E0003462C /* AppDelegate.swift */,
				E7A3992C2B034AB4005C8021 /* FlavorFlashApp.swift */,
				E7A399322B034AB6005C8021 /* Assets.xcassets */,
				E7A399342B034AB6005C8021 /* Preview Content */,
				E70AF8F22B075E260003462C /* DEBUG-Keys.plist */,
				E70AF8F42B075E3F0003462C /* PROD-Keys.plist */,
				E70AF8F62B0760C70003462C /* GoogleService-Info.plist */,
			);
			path = FlavorFlash;
			sourceTree = "<group>";
		};
		E7A399342B034AB6005C8021 /* Preview Content */ = {
			isa = PBXGroup;
			children = (
				E7A399352B034AB6005C8021 /* Preview Assets.xcassets */,
			);
			path = "Preview Content";
			sourceTree = "<group>";
		};
		E7A3993C2B034ACD005C8021 /* UI */ = {
			isa = PBXGroup;
			children = (
				E7F9EDB22B084BE0005976BE /* Screens */,
				E7F9EDB12B084BD8005976BE /* Components */,
				E7A399462B034E30005C8021 /* CommunityView.swift */,
			);
			path = UI;
			sourceTree = "<group>";
		};
		E7F9EDB02B0841FE005976BE /* Services */ = {
			isa = PBXGroup;
			children = (
				E715D9B22B03C52A00B6478D /* Camera.swift */,
			);
			path = Services;
			sourceTree = "<group>";
		};
		E7F9EDB12B084BD8005976BE /* Components */ = {
			isa = PBXGroup;
			children = (
				E70AF8E22B071D450003462C /* NavigationModel.swift */,
				E7A3993E2B034AEC005C8021 /* FFTabBar.swift */,
				E70AF8EB2B074B580003462C /* RestaurantCard.swift */,
			);
			path = Components;
			sourceTree = "<group>";
		};
		E7F9EDB22B084BE0005976BE /* Screens */ = {
			isa = PBXGroup;
			children = (
				E7A3992E2B034AB4005C8021 /* ContentView.swift */,
				E70AF8DB2B070EE60003462C /* Home */,
				E7FFC2492B037A1A00F7B171 /* FlavorFlash */,
				E70AF8DC2B0710840003462C /* Profile */,
			);
			path = Screens;
			sourceTree = "<group>";
		};
		E7FFC2492B037A1A00F7B171 /* FlavorFlash */ = {
			isa = PBXGroup;
			children = (
				E7A399442B034E22005C8021 /* FlavorFlashView.swift */,
				E7FFC24A2B037A5300F7B171 /* ViewfinderView.swift */,
				E7FFC24C2B037A8E00F7B171 /* CameraView.swift */,
				E7FD9B892B05BAAF002D0ADF /* FFAnalyzeResult.swift */,
				E715D9AC2B03AC8000B6478D /* CameraDataModel.swift */,
			);
			path = FlavorFlash;
			sourceTree = "<group>";
		};
		E7FFC24E2B037B5A00F7B171 /* Models */ = {
			isa = PBXGroup;
			children = (
				E70AF8EA2B0748100003462C /* Restaurant */,
			);
			path = Models;
			sourceTree = "<group>";
		};
/* End PBXGroup section */

/* Begin PBXNativeTarget section */
		E7A399282B034AB4005C8021 /* FlavorFlash */ = {
			isa = PBXNativeTarget;
			buildConfigurationList = E7A399392B034AB6005C8021 /* Build configuration list for PBXNativeTarget "FlavorFlash" */;
			buildPhases = (
				4B2A3AF903D603869409845C /* [CP] Check Pods Manifest.lock */,
				E7A399252B034AB4005C8021 /* Sources */,
				E7A399262B034AB4005C8021 /* Frameworks */,
				E7A399272B034AB4005C8021 /* Resources */,
				E715D9B42B04A22A00B6478D /* ShellScript */,
				5052881ECA486989E9088EF1 /* [CP] Copy Pods Resources */,
			);
			buildRules = (
			);
			dependencies = (
			);
			name = FlavorFlash;
			productName = FlavorFlash;
			productReference = E7A399292B034AB4005C8021 /* FlavorFlash.app */;
			productType = "com.apple.product-type.application";
		};
/* End PBXNativeTarget section */

/* Begin PBXProject section */
		E7A399212B034AB4005C8021 /* Project object */ = {
			isa = PBXProject;
			attributes = {
				BuildIndependentTargetsInParallel = 1;
				LastSwiftUpdateCheck = 1500;
				LastUpgradeCheck = 1500;
				TargetAttributes = {
					E7A399282B034AB4005C8021 = {
						CreatedOnToolsVersion = 15.0;
					};
				};
			};
			buildConfigurationList = E7A399242B034AB4005C8021 /* Build configuration list for PBXProject "FlavorFlash" */;
			compatibilityVersion = "Xcode 14.0";
			developmentRegion = en;
			hasScannedForEncodings = 0;
			knownRegions = (
				en,
				Base,
			);
			mainGroup = E7A399202B034AB4005C8021;
			productRefGroup = E7A3992A2B034AB4005C8021 /* Products */;
			projectDirPath = "";
			projectRoot = "";
			targets = (
				E7A399282B034AB4005C8021 /* FlavorFlash */,
			);
		};
/* End PBXProject section */

/* Begin PBXResourcesBuildPhase section */
		E7A399272B034AB4005C8021 /* Resources */ = {
			isa = PBXResourcesBuildPhase;
			buildActionMask = 2147483647;
			files = (
				E7A399362B034AB6005C8021 /* Preview Assets.xcassets in Resources */,
				E7A399332B034AB6005C8021 /* Assets.xcassets in Resources */,
				E70AF8F72B0760C70003462C /* GoogleService-Info.plist in Resources */,
				E70AF8F32B075E260003462C /* DEBUG-Keys.plist in Resources */,
				E70AF8F52B075E3F0003462C /* PROD-Keys.plist in Resources */,
			);
			runOnlyForDeploymentPostprocessing = 0;
		};
/* End PBXResourcesBuildPhase section */

/* Begin PBXShellScriptBuildPhase section */
		4B2A3AF903D603869409845C /* [CP] Check Pods Manifest.lock */ = {
			isa = PBXShellScriptBuildPhase;
			buildActionMask = 2147483647;
			files = (
			);
			inputFileListPaths = (
			);
			inputPaths = (
				"${PODS_PODFILE_DIR_PATH}/Podfile.lock",
				"${PODS_ROOT}/Manifest.lock",
			);
			name = "[CP] Check Pods Manifest.lock";
			outputFileListPaths = (
			);
			outputPaths = (
				"$(DERIVED_FILE_DIR)/Pods-FlavorFlash-checkManifestLockResult.txt",
			);
			runOnlyForDeploymentPostprocessing = 0;
			shellPath = /bin/sh;
			shellScript = "diff \"${PODS_PODFILE_DIR_PATH}/Podfile.lock\" \"${PODS_ROOT}/Manifest.lock\" > /dev/null\nif [ $? != 0 ] ; then\n    # print error to STDERR\n    echo \"error: The sandbox is not in sync with the Podfile.lock. Run 'pod install' or update your CocoaPods installation.\" >&2\n    exit 1\nfi\n# This output is used by Xcode 'outputs' to avoid re-running this script phase.\necho \"SUCCESS\" > \"${SCRIPT_OUTPUT_FILE_0}\"\n";
			showEnvVarsInLog = 0;
		};
		5052881ECA486989E9088EF1 /* [CP] Copy Pods Resources */ = {
			isa = PBXShellScriptBuildPhase;
			buildActionMask = 2147483647;
			files = (
			);
			inputFileListPaths = (
				"${PODS_ROOT}/Target Support Files/Pods-FlavorFlash/Pods-FlavorFlash-resources-${CONFIGURATION}-input-files.xcfilelist",
			);
			name = "[CP] Copy Pods Resources";
			outputFileListPaths = (
				"${PODS_ROOT}/Target Support Files/Pods-FlavorFlash/Pods-FlavorFlash-resources-${CONFIGURATION}-output-files.xcfilelist",
			);
			runOnlyForDeploymentPostprocessing = 0;
			shellPath = /bin/sh;
			shellScript = "\"${PODS_ROOT}/Target Support Files/Pods-FlavorFlash/Pods-FlavorFlash-resources.sh\"\n";
			showEnvVarsInLog = 0;
		};
		E715D9B42B04A22A00B6478D /* ShellScript */ = {
			isa = PBXShellScriptBuildPhase;
			buildActionMask = 2147483647;
			files = (
			);
			inputFileListPaths = (
			);
			inputPaths = (
			);
			outputFileListPaths = (
			);
			outputPaths = (
			);
			runOnlyForDeploymentPostprocessing = 0;
			shellPath = /bin/sh;
			shellScript = "# Type a script or drag a script file from your workspace to insert its path.\n\"${PODS_ROOT}/SwiftLint/swiftlint\"\n";
		};
/* End PBXShellScriptBuildPhase section */

/* Begin PBXSourcesBuildPhase section */
		E7A399252B034AB4005C8021 /* Sources */ = {
			isa = PBXSourcesBuildPhase;
			buildActionMask = 2147483647;
			files = (
				E70AF8EE2B074B8F0003462C /* Restaurant.swift in Sources */,
				E7A399452B034E22005C8021 /* FlavorFlashView.swift in Sources */,
				E70AF8E02B0710BA0003462C /* appConfig.swift in Sources */,
				E70AF8DE2B0710950003462C /* Profile.swift in Sources */,
				E70AF8E92B073FC00003462C /* HomeMapView.swift in Sources */,
				E70AF8F92B0763480003462C /* ENV.swift in Sources */,
				E70AF8E72B0734A30003462C /* View+Extension.swift in Sources */,
				E70AF8EC2B074B580003462C /* RestaurantCard.swift in Sources */,
				E7A3992F2B034AB4005C8021 /* ContentView.swift in Sources */,
				E715D9AD2B03AC8000B6478D /* CameraDataModel.swift in Sources */,
				E7D856582B05F6F400C5CB92 /* MobileNetV2.mlmodel in Sources */,
				E7A3993F2B034AEC005C8021 /* FFTabBar.swift in Sources */,
				E7FFC24B2B037A5300F7B171 /* ViewfinderView.swift in Sources */,
				E7A399432B034E11005C8021 /* HomeView.swift in Sources */,
				E7FFC24D2B037A8E00F7B171 /* CameraView.swift in Sources */,
				E70AF8F02B0750D50003462C /* HomeMapViewCoordinator.swift in Sources */,
				E70AF8FF2B07A5470003462C /* RestaurantViewModel.swift in Sources */,
				E7A3992D2B034AB4005C8021 /* FlavorFlashApp.swift in Sources */,
				E7FD9B8A2B05BAAF002D0ADF /* FFAnalyzeResult.swift in Sources */,
				E715D9B32B03C52A00B6478D /* Camera.swift in Sources */,
				E70AF8E32B071D450003462C /* NavigationModel.swift in Sources */,
				E70AF8E52B07311F0003462C /* RestaurantSearchView.swift in Sources */,
				E7A399472B034E30005C8021 /* CommunityView.swift in Sources */,
				E70AF8FB2B07735F0003462C /* AppDelegate.swift in Sources */,
			);
			runOnlyForDeploymentPostprocessing = 0;
		};
/* End PBXSourcesBuildPhase section */

/* Begin XCBuildConfiguration section */
		E7A399372B034AB6005C8021 /* Debug */ = {
			isa = XCBuildConfiguration;
			buildSettings = {
				ALWAYS_SEARCH_USER_PATHS = NO;
				ASSETCATALOG_COMPILER_GENERATE_SWIFT_ASSET_SYMBOL_EXTENSIONS = YES;
				CLANG_ANALYZER_NONNULL = YES;
				CLANG_ANALYZER_NUMBER_OBJECT_CONVERSION = YES_AGGRESSIVE;
				CLANG_CXX_LANGUAGE_STANDARD = "gnu++20";
				CLANG_ENABLE_MODULES = YES;
				CLANG_ENABLE_OBJC_ARC = YES;
				CLANG_ENABLE_OBJC_WEAK = YES;
				CLANG_WARN_BLOCK_CAPTURE_AUTORELEASING = YES;
				CLANG_WARN_BOOL_CONVERSION = YES;
				CLANG_WARN_COMMA = YES;
				CLANG_WARN_CONSTANT_CONVERSION = YES;
				CLANG_WARN_DEPRECATED_OBJC_IMPLEMENTATIONS = YES;
				CLANG_WARN_DIRECT_OBJC_ISA_USAGE = YES_ERROR;
				CLANG_WARN_DOCUMENTATION_COMMENTS = YES;
				CLANG_WARN_EMPTY_BODY = YES;
				CLANG_WARN_ENUM_CONVERSION = YES;
				CLANG_WARN_INFINITE_RECURSION = YES;
				CLANG_WARN_INT_CONVERSION = YES;
				CLANG_WARN_NON_LITERAL_NULL_CONVERSION = YES;
				CLANG_WARN_OBJC_IMPLICIT_RETAIN_SELF = YES;
				CLANG_WARN_OBJC_LITERAL_CONVERSION = YES;
				CLANG_WARN_OBJC_ROOT_CLASS = YES_ERROR;
				CLANG_WARN_QUOTED_INCLUDE_IN_FRAMEWORK_HEADER = YES;
				CLANG_WARN_RANGE_LOOP_ANALYSIS = YES;
				CLANG_WARN_STRICT_PROTOTYPES = YES;
				CLANG_WARN_SUSPICIOUS_MOVE = YES;
				CLANG_WARN_UNGUARDED_AVAILABILITY = YES_AGGRESSIVE;
				CLANG_WARN_UNREACHABLE_CODE = YES;
				CLANG_WARN__DUPLICATE_METHOD_MATCH = YES;
				COPY_PHASE_STRIP = NO;
				DEBUG_INFORMATION_FORMAT = dwarf;
				ENABLE_STRICT_OBJC_MSGSEND = YES;
				ENABLE_TESTABILITY = YES;
				ENABLE_USER_SCRIPT_SANDBOXING = YES;
				GCC_C_LANGUAGE_STANDARD = gnu17;
				GCC_DYNAMIC_NO_PIC = NO;
				GCC_NO_COMMON_BLOCKS = YES;
				GCC_OPTIMIZATION_LEVEL = 0;
				GCC_PREPROCESSOR_DEFINITIONS = (
					"DEBUG=1",
					"$(inherited)",
				);
				GCC_WARN_64_TO_32_BIT_CONVERSION = YES;
				GCC_WARN_ABOUT_RETURN_TYPE = YES_ERROR;
				GCC_WARN_UNDECLARED_SELECTOR = YES;
				GCC_WARN_UNINITIALIZED_AUTOS = YES_AGGRESSIVE;
				GCC_WARN_UNUSED_FUNCTION = YES;
				GCC_WARN_UNUSED_VARIABLE = YES;
				IPHONEOS_DEPLOYMENT_TARGET = 17.0;
				LOCALIZATION_PREFERS_STRING_CATALOGS = YES;
				MTL_ENABLE_DEBUG_INFO = INCLUDE_SOURCE;
				MTL_FAST_MATH = YES;
				ONLY_ACTIVE_ARCH = YES;
				SDKROOT = iphoneos;
				SWIFT_ACTIVE_COMPILATION_CONDITIONS = "DEBUG $(inherited)";
				SWIFT_OPTIMIZATION_LEVEL = "-Onone";
			};
			name = Debug;
		};
		E7A399382B034AB6005C8021 /* Release */ = {
			isa = XCBuildConfiguration;
			buildSettings = {
				ALWAYS_SEARCH_USER_PATHS = NO;
				ASSETCATALOG_COMPILER_GENERATE_SWIFT_ASSET_SYMBOL_EXTENSIONS = YES;
				CLANG_ANALYZER_NONNULL = YES;
				CLANG_ANALYZER_NUMBER_OBJECT_CONVERSION = YES_AGGRESSIVE;
				CLANG_CXX_LANGUAGE_STANDARD = "gnu++20";
				CLANG_ENABLE_MODULES = YES;
				CLANG_ENABLE_OBJC_ARC = YES;
				CLANG_ENABLE_OBJC_WEAK = YES;
				CLANG_WARN_BLOCK_CAPTURE_AUTORELEASING = YES;
				CLANG_WARN_BOOL_CONVERSION = YES;
				CLANG_WARN_COMMA = YES;
				CLANG_WARN_CONSTANT_CONVERSION = YES;
				CLANG_WARN_DEPRECATED_OBJC_IMPLEMENTATIONS = YES;
				CLANG_WARN_DIRECT_OBJC_ISA_USAGE = YES_ERROR;
				CLANG_WARN_DOCUMENTATION_COMMENTS = YES;
				CLANG_WARN_EMPTY_BODY = YES;
				CLANG_WARN_ENUM_CONVERSION = YES;
				CLANG_WARN_INFINITE_RECURSION = YES;
				CLANG_WARN_INT_CONVERSION = YES;
				CLANG_WARN_NON_LITERAL_NULL_CONVERSION = YES;
				CLANG_WARN_OBJC_IMPLICIT_RETAIN_SELF = YES;
				CLANG_WARN_OBJC_LITERAL_CONVERSION = YES;
				CLANG_WARN_OBJC_ROOT_CLASS = YES_ERROR;
				CLANG_WARN_QUOTED_INCLUDE_IN_FRAMEWORK_HEADER = YES;
				CLANG_WARN_RANGE_LOOP_ANALYSIS = YES;
				CLANG_WARN_STRICT_PROTOTYPES = YES;
				CLANG_WARN_SUSPICIOUS_MOVE = YES;
				CLANG_WARN_UNGUARDED_AVAILABILITY = YES_AGGRESSIVE;
				CLANG_WARN_UNREACHABLE_CODE = YES;
				CLANG_WARN__DUPLICATE_METHOD_MATCH = YES;
				COPY_PHASE_STRIP = NO;
				DEBUG_INFORMATION_FORMAT = "dwarf-with-dsym";
				ENABLE_NS_ASSERTIONS = NO;
				ENABLE_STRICT_OBJC_MSGSEND = YES;
				ENABLE_USER_SCRIPT_SANDBOXING = YES;
				GCC_C_LANGUAGE_STANDARD = gnu17;
				GCC_NO_COMMON_BLOCKS = YES;
				GCC_WARN_64_TO_32_BIT_CONVERSION = YES;
				GCC_WARN_ABOUT_RETURN_TYPE = YES_ERROR;
				GCC_WARN_UNDECLARED_SELECTOR = YES;
				GCC_WARN_UNINITIALIZED_AUTOS = YES_AGGRESSIVE;
				GCC_WARN_UNUSED_FUNCTION = YES;
				GCC_WARN_UNUSED_VARIABLE = YES;
				IPHONEOS_DEPLOYMENT_TARGET = 17.0;
				LOCALIZATION_PREFERS_STRING_CATALOGS = YES;
				MTL_ENABLE_DEBUG_INFO = NO;
				MTL_FAST_MATH = YES;
				SDKROOT = iphoneos;
				SWIFT_COMPILATION_MODE = wholemodule;
				VALIDATE_PRODUCT = YES;
			};
			name = Release;
		};
		E7A3993A2B034AB6005C8021 /* Debug */ = {
			isa = XCBuildConfiguration;
			baseConfigurationReference = 3DE28E00F8C7916A5874EE79 /* Pods-FlavorFlash.debug.xcconfig */;
			buildSettings = {
				ASSETCATALOG_COMPILER_APPICON_NAME = AppIcon;
				ASSETCATALOG_COMPILER_GLOBAL_ACCENT_COLOR_NAME = AccentColor;
				CODE_SIGN_STYLE = Automatic;
				CURRENT_PROJECT_VERSION = 1;
				DEVELOPMENT_ASSET_PATHS = "\"FlavorFlash/Preview Content\"";
				DEVELOPMENT_TEAM = Y73ZJF4SCP;
				ENABLE_PREVIEWS = YES;
				ENABLE_USER_SCRIPT_SANDBOXING = NO;
				GENERATE_INFOPLIST_FILE = YES;
				INFOPLIST_KEY_NSCameraUsageDescription = "Allow camera in Flavor Flash";
				INFOPLIST_KEY_NSLocationWhenInUseUsageDescription = "Allow location positioning when using Flavor Flash";
				INFOPLIST_KEY_NSPhotoLibraryUsageDescription = "Allow browsing photo in Flavor Flash";
				INFOPLIST_KEY_UIApplicationSceneManifest_Generation = YES;
				INFOPLIST_KEY_UIApplicationSupportsIndirectInputEvents = YES;
				INFOPLIST_KEY_UILaunchScreen_Generation = YES;
				INFOPLIST_KEY_UISupportedInterfaceOrientations_iPad = "UIInterfaceOrientationPortrait UIInterfaceOrientationPortraitUpsideDown UIInterfaceOrientationLandscapeLeft UIInterfaceOrientationLandscapeRight";
				INFOPLIST_KEY_UISupportedInterfaceOrientations_iPhone = "UIInterfaceOrientationPortrait UIInterfaceOrientationLandscapeLeft UIInterfaceOrientationLandscapeRight";
				IPHONEOS_DEPLOYMENT_TARGET = 16.0;
				LD_RUNPATH_SEARCH_PATHS = (
					"$(inherited)",
					"@executable_path/Frameworks",
				);
				MARKETING_VERSION = 1.0;
				PRODUCT_BUNDLE_IDENTIFIER = "ios22-jason.FlavorFlash";
				PRODUCT_NAME = "$(TARGET_NAME)";
				SWIFT_EMIT_LOC_STRINGS = YES;
				SWIFT_VERSION = 5.0;
				TARGETED_DEVICE_FAMILY = "1,2";
			};
			name = Debug;
		};
		E7A3993B2B034AB6005C8021 /* Release */ = {
			isa = XCBuildConfiguration;
			baseConfigurationReference = 28055511D6E283B5661F16BB /* Pods-FlavorFlash.release.xcconfig */;
			buildSettings = {
				ASSETCATALOG_COMPILER_APPICON_NAME = AppIcon;
				ASSETCATALOG_COMPILER_GLOBAL_ACCENT_COLOR_NAME = AccentColor;
				CODE_SIGN_STYLE = Automatic;
				CURRENT_PROJECT_VERSION = 1;
				DEVELOPMENT_ASSET_PATHS = "\"FlavorFlash/Preview Content\"";
				DEVELOPMENT_TEAM = Y73ZJF4SCP;
				ENABLE_PREVIEWS = YES;
				ENABLE_USER_SCRIPT_SANDBOXING = NO;
				GENERATE_INFOPLIST_FILE = YES;
				INFOPLIST_KEY_NSCameraUsageDescription = "Allow camera in Flavor Flash";
				INFOPLIST_KEY_NSLocationWhenInUseUsageDescription = "Allow location positioning when using Flavor Flash";
				INFOPLIST_KEY_NSPhotoLibraryUsageDescription = "Allow browsing photo in Flavor Flash";
				INFOPLIST_KEY_UIApplicationSceneManifest_Generation = YES;
				INFOPLIST_KEY_UIApplicationSupportsIndirectInputEvents = YES;
				INFOPLIST_KEY_UILaunchScreen_Generation = YES;
				INFOPLIST_KEY_UISupportedInterfaceOrientations_iPad = "UIInterfaceOrientationPortrait UIInterfaceOrientationPortraitUpsideDown UIInterfaceOrientationLandscapeLeft UIInterfaceOrientationLandscapeRight";
				INFOPLIST_KEY_UISupportedInterfaceOrientations_iPhone = "UIInterfaceOrientationPortrait UIInterfaceOrientationLandscapeLeft UIInterfaceOrientationLandscapeRight";
				IPHONEOS_DEPLOYMENT_TARGET = 16.0;
				LD_RUNPATH_SEARCH_PATHS = (
					"$(inherited)",
					"@executable_path/Frameworks",
				);
				MARKETING_VERSION = 1.0;
				PRODUCT_BUNDLE_IDENTIFIER = "ios22-jason.FlavorFlash";
				PRODUCT_NAME = "$(TARGET_NAME)";
				SWIFT_EMIT_LOC_STRINGS = YES;
				SWIFT_VERSION = 5.0;
				TARGETED_DEVICE_FAMILY = "1,2";
			};
			name = Release;
		};
/* End XCBuildConfiguration section */

/* Begin XCConfigurationList section */
		E7A399242B034AB4005C8021 /* Build configuration list for PBXProject "FlavorFlash" */ = {
			isa = XCConfigurationList;
			buildConfigurations = (
				E7A399372B034AB6005C8021 /* Debug */,
				E7A399382B034AB6005C8021 /* Release */,
			);
			defaultConfigurationIsVisible = 0;
			defaultConfigurationName = Release;
		};
		E7A399392B034AB6005C8021 /* Build configuration list for PBXNativeTarget "FlavorFlash" */ = {
			isa = XCConfigurationList;
			buildConfigurations = (
				E7A3993A2B034AB6005C8021 /* Debug */,
				E7A3993B2B034AB6005C8021 /* Release */,
			);
			defaultConfigurationIsVisible = 0;
			defaultConfigurationName = Release;
		};
/* End XCConfigurationList section */
	};
	rootObject = E7A399212B034AB4005C8021 /* Project object */;
}
